// !$*UTF8*$!
{
	archiveVersion = 1;
	classes = {
	};
	objectVersion = 46;
	objects = {

/* Begin PBXBuildFile section */
		66904763BE1E8BD80CA274BA /* libPods-eViewer.a in Frameworks */ = {isa = PBXBuildFile; fileRef = 7B277C9AB12DA5061FC96973 /* libPods-eViewer.a */; };
		7600C44C1D229EDC005C26C6 /* ArticleDetailViewController.m in Sources */ = {isa = PBXBuildFile; fileRef = 7600C44B1D229EDC005C26C6 /* ArticleDetailViewController.m */; };
		7600E3481D58BCC0009858D6 /* EWebViewController.m in Sources */ = {isa = PBXBuildFile; fileRef = 7600E3471D58BCC0009858D6 /* EWebViewController.m */; };
		7600E34A1D58C8D7009858D6 /* DismissButton.png in Resources */ = {isa = PBXBuildFile; fileRef = 7600E3491D58C8D7009858D6 /* DismissButton.png */; };
		7600E34E1D58DE5B009858D6 /* Logo.png in Resources */ = {isa = PBXBuildFile; fileRef = 7600E34D1D58DE5B009858D6 /* Logo.png */; };
		760430F71D4F2C7B0059CD33 /* DotGroupView.m in Sources */ = {isa = PBXBuildFile; fileRef = 760430F61D4F2C7B0059CD33 /* DotGroupView.m */; };
		760430FA1D52E3400059CD33 /* ECGView.m in Sources */ = {isa = PBXBuildFile; fileRef = 760430F91D52E3400059CD33 /* ECGView.m */; };
		760430FC1D54203B0059CD33 /* ECGMask.png in Resources */ = {isa = PBXBuildFile; fileRef = 760430FB1D54203B0059CD33 /* ECGMask.png */; };
		760431011D5431C40059CD33 /* SettingViewController.m in Sources */ = {isa = PBXBuildFile; fileRef = 760431001D5431C40059CD33 /* SettingViewController.m */; };
		760431031D5445060059CD33 /* ECGMask2.png in Resources */ = {isa = PBXBuildFile; fileRef = 760431021D5445060059CD33 /* ECGMask2.png */; };
		760431071D54503D0059CD33 /* MenuButton.png in Resources */ = {isa = PBXBuildFile; fileRef = 760431061D54503D0059CD33 /* MenuButton.png */; };
		7604310A1D5451710059CD33 /* GalleryViewController.m in Sources */ = {isa = PBXBuildFile; fileRef = 760431091D5451710059CD33 /* GalleryViewController.m */; };
		760EAE681D609147008256AE /* NaviLogo.png in Resources */ = {isa = PBXBuildFile; fileRef = 760EAE671D609147008256AE /* NaviLogo.png */; };
		760EAE6A1D6092DB008256AE /* MenuLogo.png in Resources */ = {isa = PBXBuildFile; fileRef = 760EAE691D6092DB008256AE /* MenuLogo.png */; };
		761636EF1D37776D001A2CDF /* UIImage+Compress.m in Sources */ = {isa = PBXBuildFile; fileRef = 761636EE1D37776D001A2CDF /* UIImage+Compress.m */; };
		761636F21D38A8F5001A2CDF /* NSString+DateTransfer.m in Sources */ = {isa = PBXBuildFile; fileRef = 761636F11D38A8F5001A2CDF /* NSString+DateTransfer.m */; };
		761636F51D38AA15001A2CDF /* GalleryDrawer.m in Sources */ = {isa = PBXBuildFile; fileRef = 761636F41D38AA15001A2CDF /* GalleryDrawer.m */; };
		761636F81D38D071001A2CDF /* TestViewController.m in Sources */ = {isa = PBXBuildFile; fileRef = 761636F71D38D071001A2CDF /* TestViewController.m */; };
		761636FA1D3A307A001A2CDF /* 1.jpg in Resources */ = {isa = PBXBuildFile; fileRef = 761636F91D3A307A001A2CDF /* 1.jpg */; };
		761636FE1D3A3095001A2CDF /* 3.jpg in Resources */ = {isa = PBXBuildFile; fileRef = 761636FB1D3A3095001A2CDF /* 3.jpg */; };
		761636FF1D3A3095001A2CDF /* 4.jpg in Resources */ = {isa = PBXBuildFile; fileRef = 761636FC1D3A3095001A2CDF /* 4.jpg */; };
		761637001D3A3095001A2CDF /* 5.jpg in Resources */ = {isa = PBXBuildFile; fileRef = 761636FD1D3A3095001A2CDF /* 5.jpg */; };
		761637021D3A30A4001A2CDF /* 2.jpg in Resources */ = {isa = PBXBuildFile; fileRef = 761637011D3A30A4001A2CDF /* 2.jpg */; };
		761637051D3A39F8001A2CDF /* PlanetView.m in Sources */ = {isa = PBXBuildFile; fileRef = 761637041D3A39F8001A2CDF /* PlanetView.m */; };
		761637081D3A8235001A2CDF /* PhotoGalleryViewController.m in Sources */ = {isa = PBXBuildFile; fileRef = 761637071D3A8235001A2CDF /* PhotoGalleryViewController.m */; };
		762B705C1D1EDA0F002F1BF6 /* EVSideViewController.m in Sources */ = {isa = PBXBuildFile; fileRef = 762B705B1D1EDA0F002F1BF6 /* EVSideViewController.m */; };
		763337E31D55A41D0099EA20 /* GalleryDetail.m in Sources */ = {isa = PBXBuildFile; fileRef = 763337E21D55A41D0099EA20 /* GalleryDetail.m */; };
		763A8A041D563A24004185B3 /* GallerySimpleCollectionViewCell.m in Sources */ = {isa = PBXBuildFile; fileRef = 763A8A031D563A24004185B3 /* GallerySimpleCollectionViewCell.m */; };
		763A8A061D56FC40004185B3 /* ImageCountIcon.png in Resources */ = {isa = PBXBuildFile; fileRef = 763A8A051D56FC40004185B3 /* ImageCountIcon.png */; };
		76507B971D5829080042EB8B /* BarBackButton.png in Resources */ = {isa = PBXBuildFile; fileRef = 76507B961D5829080042EB8B /* BarBackButton.png */; };
		76508A1F1D61C5F20029A6B0 /* PublicLicenceTableViewController.m in Sources */ = {isa = PBXBuildFile; fileRef = 76508A1E1D61C5F20029A6B0 /* PublicLicenceTableViewController.m */; };
		76508A221D61F16A0029A6B0 /* SettingMenuTableViewCell.m in Sources */ = {isa = PBXBuildFile; fileRef = 76508A211D61F16A0029A6B0 /* SettingMenuTableViewCell.m */; };
		76508A261D61FB970029A6B0 /* cache-icon.png in Resources */ = {isa = PBXBuildFile; fileRef = 76508A231D61FB970029A6B0 /* cache-icon.png */; };
		76508A271D61FB970029A6B0 /* licence-icon.png in Resources */ = {isa = PBXBuildFile; fileRef = 76508A241D61FB970029A6B0 /* licence-icon.png */; };
		76508A281D61FB970029A6B0 /* question-icon.png in Resources */ = {isa = PBXBuildFile; fileRef = 76508A251D61FB970029A6B0 /* question-icon.png */; };
		76508A2A1D6200060029A6B0 /* engadget_logo.png in Resources */ = {isa = PBXBuildFile; fileRef = 76508A291D6200060029A6B0 /* engadget_logo.png */; };
		765145261D6187A80093FBE7 /* MenuTableViewCell.m in Sources */ = {isa = PBXBuildFile; fileRef = 765145251D6187A80093FBE7 /* MenuTableViewCell.m */; };
		765145671D6190920093FBE7 /* GalleryIcon.png in Resources */ = {isa = PBXBuildFile; fileRef = 765145661D6190920093FBE7 /* GalleryIcon.png */; };
		765145691D6190AF0093FBE7 /* SettingIcon.png in Resources */ = {isa = PBXBuildFile; fileRef = 765145681D6190AF0093FBE7 /* SettingIcon.png */; };
		7651456B1D6190B80093FBE7 /* HomeIcon.png in Resources */ = {isa = PBXBuildFile; fileRef = 7651456A1D6190B80093FBE7 /* HomeIcon.png */; };
		7651456D1D61BDBA0093FBE7 /* AppIcon@3x.png in Resources */ = {isa = PBXBuildFile; fileRef = 7651456C1D61BDBA0093FBE7 /* AppIcon@3x.png */; };
		7651456F1D61BDC60093FBE7 /* AppIcon@2x.png in Resources */ = {isa = PBXBuildFile; fileRef = 7651456E1D61BDC60093FBE7 /* AppIcon@2x.png */; };
		76525EFD1D48FD3D001C7C1C /* EngadgetLogo.png in Resources */ = {isa = PBXBuildFile; fileRef = 76525EFC1D48FD3D001C7C1C /* EngadgetLogo.png */; };
		765695F81D55A3D30076BD4C /* GallerySimple.m in Sources */ = {isa = PBXBuildFile; fileRef = 765695F71D55A3D30076BD4C /* GallerySimple.m */; };
		765859191D59FF240066B0C5 /* WebViewBackButton.png in Resources */ = {isa = PBXBuildFile; fileRef = 765859181D59FF240066B0C5 /* WebViewBackButton.png */; };
		7658591E1D5CB92D0066B0C5 /* PlaceHolder.png in Resources */ = {isa = PBXBuildFile; fileRef = 7658591D1D5CB92D0066B0C5 /* PlaceHolder.png */; };
		767E3BBF1D45124D006CED70 /* CloseImageViewButton.png in Resources */ = {isa = PBXBuildFile; fileRef = 767E3BBD1D45124D006CED70 /* CloseImageViewButton.png */; };
		767E3BC01D45124D006CED70 /* SaveImageButton.png in Resources */ = {isa = PBXBuildFile; fileRef = 767E3BBE1D45124D006CED70 /* SaveImageButton.png */; };
		767FFE141D3F6B0D0041AF52 /* SwipeUpInteractiveTransition.m in Sources */ = {isa = PBXBuildFile; fileRef = 767FFE131D3F6B0D0041AF52 /* SwipeUpInteractiveTransition.m */; };
		767FFE181D3FB0E00041AF52 /* ProgressView.m in Sources */ = {isa = PBXBuildFile; fileRef = 767FFE171D3FB0E00041AF52 /* ProgressView.m */; };
		768F27AF1D3CD46E0070BA7E /* ZPhotoCollectionViewCell.m in Sources */ = {isa = PBXBuildFile; fileRef = 768F27AE1D3CD46E0070BA7E /* ZPhotoCollectionViewCell.m */; };
		76C9FB891D3B45F0007B60A7 /* PhotoCollectionViewCell.m in Sources */ = {isa = PBXBuildFile; fileRef = 76C9FB881D3B45F0007B60A7 /* PhotoCollectionViewCell.m */; };
		76C9FB8D1D3BC9DA007B60A7 /* ZPresentationController.m in Sources */ = {isa = PBXBuildFile; fileRef = 76C9FB8C1D3BC9DA007B60A7 /* ZPresentationController.m */; };
		76C9FB901D3BCB8D007B60A7 /* ZPhotoReviewViewController.m in Sources */ = {isa = PBXBuildFile; fileRef = 76C9FB8F1D3BCB8D007B60A7 /* ZPhotoReviewViewController.m */; };
		76C9FB931D3BCBBB007B60A7 /* ZPresentationAnimator.m in Sources */ = {isa = PBXBuildFile; fileRef = 76C9FB921D3BCBBB007B60A7 /* ZPresentationAnimator.m */; };
		76D80CB41D0FF141000D9E4E /* main.m in Sources */ = {isa = PBXBuildFile; fileRef = 76D80CB31D0FF141000D9E4E /* main.m */; };
		76D80CB71D0FF141000D9E4E /* AppDelegate.m in Sources */ = {isa = PBXBuildFile; fileRef = 76D80CB61D0FF141000D9E4E /* AppDelegate.m */; };
		76D80CBD1D0FF141000D9E4E /* Main.storyboard in Resources */ = {isa = PBXBuildFile; fileRef = 76D80CBB1D0FF141000D9E4E /* Main.storyboard */; };
		76D80CC01D0FF141000D9E4E /* eViewer.xcdatamodeld in Sources */ = {isa = PBXBuildFile; fileRef = 76D80CBE1D0FF141000D9E4E /* eViewer.xcdatamodeld */; };
		76D80CC21D0FF141000D9E4E /* Assets.xcassets in Resources */ = {isa = PBXBuildFile; fileRef = 76D80CC11D0FF141000D9E4E /* Assets.xcassets */; };
		76D80CC51D0FF141000D9E4E /* LaunchScreen.storyboard in Resources */ = {isa = PBXBuildFile; fileRef = 76D80CC31D0FF141000D9E4E /* LaunchScreen.storyboard */; };
		76D80CCF1D0FF5A5000D9E4E /* HomeViewController.m in Sources */ = {isa = PBXBuildFile; fileRef = 76D80CCE1D0FF5A5000D9E4E /* HomeViewController.m */; };
		76D80CD51D0FF7B6000D9E4E /* EPresentationController.m in Sources */ = {isa = PBXBuildFile; fileRef = 76D80CD41D0FF7B6000D9E4E /* EPresentationController.m */; };
		76D80CD81D0FF7D8000D9E4E /* ESideViewController.m in Sources */ = {isa = PBXBuildFile; fileRef = 76D80CD71D0FF7D8000D9E4E /* ESideViewController.m */; };
		76D80CDB1D0FF839000D9E4E /* EPresentationAnimator.m in Sources */ = {isa = PBXBuildFile; fileRef = 76D80CDA1D0FF839000D9E4E /* EPresentationAnimator.m */; };
		76D89EFC1D45FA3B0033AC45 /* CheckMark.png in Resources */ = {isa = PBXBuildFile; fileRef = 76D89EFB1D45FA3B0033AC45 /* CheckMark.png */; };
		76D89F001D45FD9C0033AC45 /* PlaceHolderSquare.png in Resources */ = {isa = PBXBuildFile; fileRef = 76D89EFF1D45FD9C0033AC45 /* PlaceHolderSquare.png */; };
		76D89F021D45FF000033AC45 /* PlaceHolderSquare2.png in Resources */ = {isa = PBXBuildFile; fileRef = 76D89F011D45FF000033AC45 /* PlaceHolderSquare2.png */; };
		76D89F061D45FF760033AC45 /* PlaceHolderSquare3.png in Resources */ = {isa = PBXBuildFile; fileRef = 76D89F051D45FF760033AC45 /* PlaceHolderSquare3.png */; };
		76D89F081D4602C70033AC45 /* NaviBarBackButton.png in Resources */ = {isa = PBXBuildFile; fileRef = 76D89F071D4602C70033AC45 /* NaviBarBackButton.png */; };
		76DB820B1D4A661400440DFE /* EggIcon.png in Resources */ = {isa = PBXBuildFile; fileRef = 76DB820A1D4A661400440DFE /* EggIcon.png */; };
		76EA5B231D17C2AB00FEFF38 /* EVHTMLManager.m in Sources */ = {isa = PBXBuildFile; fileRef = 76EA5B221D17C2AB00FEFF38 /* EVHTMLManager.m */; };
		76EA5B271D17D64400FEFF38 /* ArticleSimple.m in Sources */ = {isa = PBXBuildFile; fileRef = 76EA5B261D17D64400FEFF38 /* ArticleSimple.m */; };
		76EA5B2A1D17DC1E00FEFF38 /* ArticleDetail.m in Sources */ = {isa = PBXBuildFile; fileRef = 76EA5B291D17DC1E00FEFF38 /* ArticleDetail.m */; };
		76EA5B631D18DCFA00FEFF38 /* HomePageTableViewCell.m in Sources */ = {isa = PBXBuildFile; fileRef = 76EA5B621D18DCFA00FEFF38 /* HomePageTableViewCell.m */; };
		76EA5B691D190B8900FEFF38 /* UIColor+expanded.m in Sources */ = {isa = PBXBuildFile; fileRef = 76EA5B681D190B8900FEFF38 /* UIColor+expanded.m */; };
		76F2EA8D1D24E1BF0013D4E9 /* ArticleSimpleCollectionViewCell.m in Sources */ = {isa = PBXBuildFile; fileRef = 76F2EA8C1D24E1BF0013D4E9 /* ArticleSimpleCollectionViewCell.m */; };
		76F2EA901D24E32A0013D4E9 /* ArticleSimpleViewController.m in Sources */ = {isa = PBXBuildFile; fileRef = 76F2EA8F1D24E32A0013D4E9 /* ArticleSimpleViewController.m */; };
		76FA848F1D1FADAB00BD0F22 /* EVMenuViewController.m in Sources */ = {isa = PBXBuildFile; fileRef = 76FA848E1D1FADAB00BD0F22 /* EVMenuViewController.m */; };
		76FA84921D1FAE8B00BD0F22 /* DemoHomeViewController.m in Sources */ = {isa = PBXBuildFile; fileRef = 76FA84911D1FAE8B00BD0F22 /* DemoHomeViewController.m */; };
		76FA84951D1FAF4F00BD0F22 /* EVNaviViewController.m in Sources */ = {isa = PBXBuildFile; fileRef = 76FA84941D1FAF4F00BD0F22 /* EVNaviViewController.m */; };
		76FA84971D1FB77200BD0F22 /* Balloon@2x.png in Resources */ = {isa = PBXBuildFile; fileRef = 76FA84961D1FB77200BD0F22 /* Balloon@2x.png */; };
		76FA849A1D1FCAF400BD0F22 /* DemoSecondViewController.m in Sources */ = {isa = PBXBuildFile; fileRef = 76FA84991D1FCAF400BD0F22 /* DemoSecondViewController.m */; };
/* End PBXBuildFile section */

/* Begin PBXFileReference section */
		73742F31F91E4902FB237753 /* Pods-eViewer.release.xcconfig */ = {isa = PBXFileReference; includeInIndex = 1; lastKnownFileType = text.xcconfig; name = "Pods-eViewer.release.xcconfig"; path = "Pods/Target Support Files/Pods-eViewer/Pods-eViewer.release.xcconfig"; sourceTree = "<group>"; };
		7600C44A1D229EDC005C26C6 /* ArticleDetailViewController.h */ = {isa = PBXFileReference; fileEncoding = 4; lastKnownFileType = sourcecode.c.h; path = ArticleDetailViewController.h; sourceTree = "<group>"; };
		7600C44B1D229EDC005C26C6 /* ArticleDetailViewController.m */ = {isa = PBXFileReference; fileEncoding = 4; lastKnownFileType = sourcecode.c.objc; path = ArticleDetailViewController.m; sourceTree = "<group>"; };
		7600E3461D58BCC0009858D6 /* EWebViewController.h */ = {isa = PBXFileReference; fileEncoding = 4; lastKnownFileType = sourcecode.c.h; name = EWebViewController.h; path = ViewController/EWebViewController.h; sourceTree = "<group>"; };
		7600E3471D58BCC0009858D6 /* EWebViewController.m */ = {isa = PBXFileReference; fileEncoding = 4; lastKnownFileType = sourcecode.c.objc; name = EWebViewController.m; path = ViewController/EWebViewController.m; sourceTree = "<group>"; };
		7600E3491D58C8D7009858D6 /* DismissButton.png */ = {isa = PBXFileReference; lastKnownFileType = image.png; path = DismissButton.png; sourceTree = "<group>"; };
		7600E34D1D58DE5B009858D6 /* Logo.png */ = {isa = PBXFileReference; lastKnownFileType = image.png; path = Logo.png; sourceTree = "<group>"; };
		760430F51D4F2C7B0059CD33 /* DotGroupView.h */ = {isa = PBXFileReference; fileEncoding = 4; lastKnownFileType = sourcecode.c.h; name = DotGroupView.h; path = View/DotGroupView.h; sourceTree = "<group>"; };
		760430F61D4F2C7B0059CD33 /* DotGroupView.m */ = {isa = PBXFileReference; fileEncoding = 4; lastKnownFileType = sourcecode.c.objc; name = DotGroupView.m; path = View/DotGroupView.m; sourceTree = "<group>"; };
		760430F81D52E3400059CD33 /* ECGView.h */ = {isa = PBXFileReference; fileEncoding = 4; lastKnownFileType = sourcecode.c.h; name = ECGView.h; path = View/ECGView.h; sourceTree = "<group>"; };
		760430F91D52E3400059CD33 /* ECGView.m */ = {isa = PBXFileReference; fileEncoding = 4; lastKnownFileType = sourcecode.c.objc; name = ECGView.m; path = View/ECGView.m; sourceTree = "<group>"; };
		760430FB1D54203B0059CD33 /* ECGMask.png */ = {isa = PBXFileReference; lastKnownFileType = image.png; path = ECGMask.png; sourceTree = "<group>"; };
		760430FF1D5431C40059CD33 /* SettingViewController.h */ = {isa = PBXFileReference; fileEncoding = 4; lastKnownFileType = sourcecode.c.h; name = SettingViewController.h; path = ViewController/SettingViewController.h; sourceTree = "<group>"; };
		760431001D5431C40059CD33 /* SettingViewController.m */ = {isa = PBXFileReference; fileEncoding = 4; lastKnownFileType = sourcecode.c.objc; name = SettingViewController.m; path = ViewController/SettingViewController.m; sourceTree = "<group>"; };
		760431021D5445060059CD33 /* ECGMask2.png */ = {isa = PBXFileReference; lastKnownFileType = image.png; path = ECGMask2.png; sourceTree = "<group>"; };
		760431061D54503D0059CD33 /* MenuButton.png */ = {isa = PBXFileReference; lastKnownFileType = image.png; path = MenuButton.png; sourceTree = "<group>"; };
		760431081D5451710059CD33 /* GalleryViewController.h */ = {isa = PBXFileReference; fileEncoding = 4; lastKnownFileType = sourcecode.c.h; name = GalleryViewController.h; path = ViewController/GalleryViewController.h; sourceTree = "<group>"; };
		760431091D5451710059CD33 /* GalleryViewController.m */ = {isa = PBXFileReference; fileEncoding = 4; lastKnownFileType = sourcecode.c.objc; name = GalleryViewController.m; path = ViewController/GalleryViewController.m; sourceTree = "<group>"; };
		760EAE671D609147008256AE /* NaviLogo.png */ = {isa = PBXFileReference; lastKnownFileType = image.png; path = NaviLogo.png; sourceTree = "<group>"; };
		760EAE691D6092DB008256AE /* MenuLogo.png */ = {isa = PBXFileReference; lastKnownFileType = image.png; path = MenuLogo.png; sourceTree = "<group>"; };
		761636ED1D37776D001A2CDF /* UIImage+Compress.h */ = {isa = PBXFileReference; fileEncoding = 4; lastKnownFileType = sourcecode.c.h; name = "UIImage+Compress.h"; path = "SupportingFile/UIImage+Compress.h"; sourceTree = "<group>"; };
		761636EE1D37776D001A2CDF /* UIImage+Compress.m */ = {isa = PBXFileReference; fileEncoding = 4; lastKnownFileType = sourcecode.c.objc; name = "UIImage+Compress.m"; path = "SupportingFile/UIImage+Compress.m"; sourceTree = "<group>"; };
		761636F01D38A8F5001A2CDF /* NSString+DateTransfer.h */ = {isa = PBXFileReference; fileEncoding = 4; lastKnownFileType = sourcecode.c.h; path = "NSString+DateTransfer.h"; sourceTree = "<group>"; };
		761636F11D38A8F5001A2CDF /* NSString+DateTransfer.m */ = {isa = PBXFileReference; fileEncoding = 4; lastKnownFileType = sourcecode.c.objc; path = "NSString+DateTransfer.m"; sourceTree = "<group>"; };
		761636F31D38AA15001A2CDF /* GalleryDrawer.h */ = {isa = PBXFileReference; fileEncoding = 4; lastKnownFileType = sourcecode.c.h; name = GalleryDrawer.h; path = SupportingFile/GalleryDrawer.h; sourceTree = "<group>"; };
		761636F41D38AA15001A2CDF /* GalleryDrawer.m */ = {isa = PBXFileReference; fileEncoding = 4; lastKnownFileType = sourcecode.c.objc; name = GalleryDrawer.m; path = SupportingFile/GalleryDrawer.m; sourceTree = "<group>"; };
		761636F61D38D071001A2CDF /* TestViewController.h */ = {isa = PBXFileReference; fileEncoding = 4; lastKnownFileType = sourcecode.c.h; name = TestViewController.h; path = ViewController/TestViewController.h; sourceTree = "<group>"; };
		761636F71D38D071001A2CDF /* TestViewController.m */ = {isa = PBXFileReference; fileEncoding = 4; lastKnownFileType = sourcecode.c.objc; name = TestViewController.m; path = ViewController/TestViewController.m; sourceTree = "<group>"; };
		761636F91D3A307A001A2CDF /* 1.jpg */ = {isa = PBXFileReference; lastKnownFileType = image.jpeg; path = 1.jpg; sourceTree = "<group>"; };
		761636FB1D3A3095001A2CDF /* 3.jpg */ = {isa = PBXFileReference; lastKnownFileType = image.jpeg; path = 3.jpg; sourceTree = "<group>"; };
		761636FC1D3A3095001A2CDF /* 4.jpg */ = {isa = PBXFileReference; lastKnownFileType = image.jpeg; path = 4.jpg; sourceTree = "<group>"; };
		761636FD1D3A3095001A2CDF /* 5.jpg */ = {isa = PBXFileReference; lastKnownFileType = image.jpeg; path = 5.jpg; sourceTree = "<group>"; };
		761637011D3A30A4001A2CDF /* 2.jpg */ = {isa = PBXFileReference; lastKnownFileType = image.jpeg; path = 2.jpg; sourceTree = "<group>"; };
		761637031D3A39F8001A2CDF /* PlanetView.h */ = {isa = PBXFileReference; fileEncoding = 4; lastKnownFileType = sourcecode.c.h; name = PlanetView.h; path = View/PlanetView.h; sourceTree = "<group>"; };
		761637041D3A39F8001A2CDF /* PlanetView.m */ = {isa = PBXFileReference; fileEncoding = 4; lastKnownFileType = sourcecode.c.objc; name = PlanetView.m; path = View/PlanetView.m; sourceTree = "<group>"; };
		761637061D3A8235001A2CDF /* PhotoGalleryViewController.h */ = {isa = PBXFileReference; fileEncoding = 4; lastKnownFileType = sourcecode.c.h; name = PhotoGalleryViewController.h; path = ViewController/PhotoGalleryViewController.h; sourceTree = "<group>"; };
		761637071D3A8235001A2CDF /* PhotoGalleryViewController.m */ = {isa = PBXFileReference; fileEncoding = 4; lastKnownFileType = sourcecode.c.objc; name = PhotoGalleryViewController.m; path = ViewController/PhotoGalleryViewController.m; sourceTree = "<group>"; };
		762B705A1D1EDA0F002F1BF6 /* EVSideViewController.h */ = {isa = PBXFileReference; fileEncoding = 4; lastKnownFileType = sourcecode.c.h; name = EVSideViewController.h; path = ViewController/SideMenu2/EVSideViewController.h; sourceTree = "<group>"; };
		762B705B1D1EDA0F002F1BF6 /* EVSideViewController.m */ = {isa = PBXFileReference; fileEncoding = 4; lastKnownFileType = sourcecode.c.objc; name = EVSideViewController.m; path = ViewController/SideMenu2/EVSideViewController.m; sourceTree = "<group>"; };
		763337E11D55A41D0099EA20 /* GalleryDetail.h */ = {isa = PBXFileReference; fileEncoding = 4; lastKnownFileType = sourcecode.c.h; name = GalleryDetail.h; path = Model/GalleryDetail.h; sourceTree = "<group>"; };
		763337E21D55A41D0099EA20 /* GalleryDetail.m */ = {isa = PBXFileReference; fileEncoding = 4; lastKnownFileType = sourcecode.c.objc; name = GalleryDetail.m; path = Model/GalleryDetail.m; sourceTree = "<group>"; };
		763A8A021D563A24004185B3 /* GallerySimpleCollectionViewCell.h */ = {isa = PBXFileReference; fileEncoding = 4; lastKnownFileType = sourcecode.c.h; name = GallerySimpleCollectionViewCell.h; path = View/Cell/GallerySimpleCollectionViewCell.h; sourceTree = "<group>"; };
		763A8A031D563A24004185B3 /* GallerySimpleCollectionViewCell.m */ = {isa = PBXFileReference; fileEncoding = 4; lastKnownFileType = sourcecode.c.objc; name = GallerySimpleCollectionViewCell.m; path = View/Cell/GallerySimpleCollectionViewCell.m; sourceTree = "<group>"; };
		763A8A051D56FC40004185B3 /* ImageCountIcon.png */ = {isa = PBXFileReference; lastKnownFileType = image.png; path = ImageCountIcon.png; sourceTree = "<group>"; };
		76507B961D5829080042EB8B /* BarBackButton.png */ = {isa = PBXFileReference; lastKnownFileType = image.png; path = BarBackButton.png; sourceTree = "<group>"; };
		76508A1D1D61C5F20029A6B0 /* PublicLicenceTableViewController.h */ = {isa = PBXFileReference; fileEncoding = 4; lastKnownFileType = sourcecode.c.h; name = PublicLicenceTableViewController.h; path = ViewController/PublicLicenceTableViewController.h; sourceTree = "<group>"; };
		76508A1E1D61C5F20029A6B0 /* PublicLicenceTableViewController.m */ = {isa = PBXFileReference; fileEncoding = 4; lastKnownFileType = sourcecode.c.objc; name = PublicLicenceTableViewController.m; path = ViewController/PublicLicenceTableViewController.m; sourceTree = "<group>"; };
		76508A201D61F16A0029A6B0 /* SettingMenuTableViewCell.h */ = {isa = PBXFileReference; fileEncoding = 4; lastKnownFileType = sourcecode.c.h; name = SettingMenuTableViewCell.h; path = View/Cell/SettingMenuTableViewCell.h; sourceTree = "<group>"; };
		76508A211D61F16A0029A6B0 /* SettingMenuTableViewCell.m */ = {isa = PBXFileReference; fileEncoding = 4; lastKnownFileType = sourcecode.c.objc; name = SettingMenuTableViewCell.m; path = View/Cell/SettingMenuTableViewCell.m; sourceTree = "<group>"; };
		76508A231D61FB970029A6B0 /* cache-icon.png */ = {isa = PBXFileReference; lastKnownFileType = image.png; path = "cache-icon.png"; sourceTree = "<group>"; };
		76508A241D61FB970029A6B0 /* licence-icon.png */ = {isa = PBXFileReference; lastKnownFileType = image.png; path = "licence-icon.png"; sourceTree = "<group>"; };
		76508A251D61FB970029A6B0 /* question-icon.png */ = {isa = PBXFileReference; lastKnownFileType = image.png; path = "question-icon.png"; sourceTree = "<group>"; };
		76508A291D6200060029A6B0 /* engadget_logo.png */ = {isa = PBXFileReference; lastKnownFileType = image.png; path = engadget_logo.png; sourceTree = "<group>"; };
		765145241D6187A80093FBE7 /* MenuTableViewCell.h */ = {isa = PBXFileReference; fileEncoding = 4; lastKnownFileType = sourcecode.c.h; name = MenuTableViewCell.h; path = View/Cell/MenuTableViewCell.h; sourceTree = "<group>"; };
		765145251D6187A80093FBE7 /* MenuTableViewCell.m */ = {isa = PBXFileReference; fileEncoding = 4; lastKnownFileType = sourcecode.c.objc; name = MenuTableViewCell.m; path = View/Cell/MenuTableViewCell.m; sourceTree = "<group>"; };
		765145661D6190920093FBE7 /* GalleryIcon.png */ = {isa = PBXFileReference; lastKnownFileType = image.png; path = GalleryIcon.png; sourceTree = "<group>"; };
		765145681D6190AF0093FBE7 /* SettingIcon.png */ = {isa = PBXFileReference; lastKnownFileType = image.png; path = SettingIcon.png; sourceTree = "<group>"; };
		7651456A1D6190B80093FBE7 /* HomeIcon.png */ = {isa = PBXFileReference; lastKnownFileType = image.png; path = HomeIcon.png; sourceTree = "<group>"; };
		7651456C1D61BDBA0093FBE7 /* AppIcon@3x.png */ = {isa = PBXFileReference; lastKnownFileType = image.png; path = "AppIcon@3x.png"; sourceTree = "<group>"; };
		7651456E1D61BDC60093FBE7 /* AppIcon@2x.png */ = {isa = PBXFileReference; lastKnownFileType = image.png; path = "AppIcon@2x.png"; sourceTree = "<group>"; };
		76525EFC1D48FD3D001C7C1C /* EngadgetLogo.png */ = {isa = PBXFileReference; lastKnownFileType = image.png; path = EngadgetLogo.png; sourceTree = "<group>"; };
		765695F61D55A3D30076BD4C /* GallerySimple.h */ = {isa = PBXFileReference; fileEncoding = 4; lastKnownFileType = sourcecode.c.h; name = GallerySimple.h; path = Model/GallerySimple.h; sourceTree = "<group>"; };
		765695F71D55A3D30076BD4C /* GallerySimple.m */ = {isa = PBXFileReference; fileEncoding = 4; lastKnownFileType = sourcecode.c.objc; name = GallerySimple.m; path = Model/GallerySimple.m; sourceTree = "<group>"; };
		765859181D59FF240066B0C5 /* WebViewBackButton.png */ = {isa = PBXFileReference; lastKnownFileType = image.png; path = WebViewBackButton.png; sourceTree = "<group>"; };
		7658591D1D5CB92D0066B0C5 /* PlaceHolder.png */ = {isa = PBXFileReference; lastKnownFileType = image.png; path = PlaceHolder.png; sourceTree = "<group>"; };
		767E3BBD1D45124D006CED70 /* CloseImageViewButton.png */ = {isa = PBXFileReference; lastKnownFileType = image.png; path = CloseImageViewButton.png; sourceTree = "<group>"; };
		767E3BBE1D45124D006CED70 /* SaveImageButton.png */ = {isa = PBXFileReference; lastKnownFileType = image.png; path = SaveImageButton.png; sourceTree = "<group>"; };
		767FFE121D3F6B0D0041AF52 /* SwipeUpInteractiveTransition.h */ = {isa = PBXFileReference; fileEncoding = 4; lastKnownFileType = sourcecode.c.h; name = SwipeUpInteractiveTransition.h; path = ViewController/PhotoReview/SwipeUpInteractiveTransition.h; sourceTree = "<group>"; };
		767FFE131D3F6B0D0041AF52 /* SwipeUpInteractiveTransition.m */ = {isa = PBXFileReference; fileEncoding = 4; lastKnownFileType = sourcecode.c.objc; name = SwipeUpInteractiveTransition.m; path = ViewController/PhotoReview/SwipeUpInteractiveTransition.m; sourceTree = "<group>"; };
		767FFE161D3FB0E00041AF52 /* ProgressView.h */ = {isa = PBXFileReference; fileEncoding = 4; lastKnownFileType = sourcecode.c.h; name = ProgressView.h; path = ViewController/PhotoReview/ProgressView.h; sourceTree = "<group>"; };
		767FFE171D3FB0E00041AF52 /* ProgressView.m */ = {isa = PBXFileReference; fileEncoding = 4; lastKnownFileType = sourcecode.c.objc; name = ProgressView.m; path = ViewController/PhotoReview/ProgressView.m; sourceTree = "<group>"; };
		768F27AD1D3CD46E0070BA7E /* ZPhotoCollectionViewCell.h */ = {isa = PBXFileReference; fileEncoding = 4; lastKnownFileType = sourcecode.c.h; name = ZPhotoCollectionViewCell.h; path = View/Cell/ZPhotoCollectionViewCell.h; sourceTree = "<group>"; };
		768F27AE1D3CD46E0070BA7E /* ZPhotoCollectionViewCell.m */ = {isa = PBXFileReference; fileEncoding = 4; lastKnownFileType = sourcecode.c.objc; name = ZPhotoCollectionViewCell.m; path = View/Cell/ZPhotoCollectionViewCell.m; sourceTree = "<group>"; };
		76C9FB871D3B45F0007B60A7 /* PhotoCollectionViewCell.h */ = {isa = PBXFileReference; fileEncoding = 4; lastKnownFileType = sourcecode.c.h; name = PhotoCollectionViewCell.h; path = View/PhotoCollectionViewCell.h; sourceTree = "<group>"; };
		76C9FB881D3B45F0007B60A7 /* PhotoCollectionViewCell.m */ = {isa = PBXFileReference; fileEncoding = 4; lastKnownFileType = sourcecode.c.objc; name = PhotoCollectionViewCell.m; path = View/PhotoCollectionViewCell.m; sourceTree = "<group>"; };
		76C9FB8B1D3BC9DA007B60A7 /* ZPresentationController.h */ = {isa = PBXFileReference; fileEncoding = 4; lastKnownFileType = sourcecode.c.h; name = ZPresentationController.h; path = ViewController/PhotoReview/ZPresentationController.h; sourceTree = "<group>"; };
		76C9FB8C1D3BC9DA007B60A7 /* ZPresentationController.m */ = {isa = PBXFileReference; fileEncoding = 4; lastKnownFileType = sourcecode.c.objc; name = ZPresentationController.m; path = ViewController/PhotoReview/ZPresentationController.m; sourceTree = "<group>"; };
		76C9FB8E1D3BCB8D007B60A7 /* ZPhotoReviewViewController.h */ = {isa = PBXFileReference; fileEncoding = 4; lastKnownFileType = sourcecode.c.h; name = ZPhotoReviewViewController.h; path = ViewController/PhotoReview/ZPhotoReviewViewController.h; sourceTree = "<group>"; };
		76C9FB8F1D3BCB8D007B60A7 /* ZPhotoReviewViewController.m */ = {isa = PBXFileReference; fileEncoding = 4; lastKnownFileType = sourcecode.c.objc; name = ZPhotoReviewViewController.m; path = ViewController/PhotoReview/ZPhotoReviewViewController.m; sourceTree = "<group>"; };
		76C9FB911D3BCBBB007B60A7 /* ZPresentationAnimator.h */ = {isa = PBXFileReference; fileEncoding = 4; lastKnownFileType = sourcecode.c.h; name = ZPresentationAnimator.h; path = ViewController/PhotoReview/ZPresentationAnimator.h; sourceTree = "<group>"; };
		76C9FB921D3BCBBB007B60A7 /* ZPresentationAnimator.m */ = {isa = PBXFileReference; fileEncoding = 4; lastKnownFileType = sourcecode.c.objc; name = ZPresentationAnimator.m; path = ViewController/PhotoReview/ZPresentationAnimator.m; sourceTree = "<group>"; };
		76D80CAF1D0FF141000D9E4E /* eViewer.app */ = {isa = PBXFileReference; explicitFileType = wrapper.application; includeInIndex = 0; path = eViewer.app; sourceTree = BUILT_PRODUCTS_DIR; };
		76D80CB31D0FF141000D9E4E /* main.m */ = {isa = PBXFileReference; lastKnownFileType = sourcecode.c.objc; path = main.m; sourceTree = "<group>"; };
		76D80CB51D0FF141000D9E4E /* AppDelegate.h */ = {isa = PBXFileReference; lastKnownFileType = sourcecode.c.h; path = AppDelegate.h; sourceTree = "<group>"; };
		76D80CB61D0FF141000D9E4E /* AppDelegate.m */ = {isa = PBXFileReference; lastKnownFileType = sourcecode.c.objc; path = AppDelegate.m; sourceTree = "<group>"; };
		76D80CBC1D0FF141000D9E4E /* Base */ = {isa = PBXFileReference; lastKnownFileType = file.storyboard; name = Base; path = Base.lproj/Main.storyboard; sourceTree = "<group>"; };
		76D80CBF1D0FF141000D9E4E /* eViewer.xcdatamodel */ = {isa = PBXFileReference; lastKnownFileType = wrapper.xcdatamodel; path = eViewer.xcdatamodel; sourceTree = "<group>"; };
		76D80CC11D0FF141000D9E4E /* Assets.xcassets */ = {isa = PBXFileReference; lastKnownFileType = folder.assetcatalog; path = Assets.xcassets; sourceTree = "<group>"; };
		76D80CC41D0FF141000D9E4E /* Base */ = {isa = PBXFileReference; lastKnownFileType = file.storyboard; name = Base; path = Base.lproj/LaunchScreen.storyboard; sourceTree = "<group>"; };
		76D80CC61D0FF141000D9E4E /* Info.plist */ = {isa = PBXFileReference; lastKnownFileType = text.plist.xml; path = Info.plist; sourceTree = "<group>"; };
		76D80CCD1D0FF5A5000D9E4E /* HomeViewController.h */ = {isa = PBXFileReference; fileEncoding = 4; lastKnownFileType = sourcecode.c.h; name = HomeViewController.h; path = ViewController/HomeViewController.h; sourceTree = "<group>"; };
		76D80CCE1D0FF5A5000D9E4E /* HomeViewController.m */ = {isa = PBXFileReference; fileEncoding = 4; lastKnownFileType = sourcecode.c.objc; name = HomeViewController.m; path = ViewController/HomeViewController.m; sourceTree = "<group>"; };
		76D80CD31D0FF7B6000D9E4E /* EPresentationController.h */ = {isa = PBXFileReference; fileEncoding = 4; lastKnownFileType = sourcecode.c.h; name = EPresentationController.h; path = SideMenu/EPresentationController.h; sourceTree = "<group>"; };
		76D80CD41D0FF7B6000D9E4E /* EPresentationController.m */ = {isa = PBXFileReference; fileEncoding = 4; lastKnownFileType = sourcecode.c.objc; name = EPresentationController.m; path = SideMenu/EPresentationController.m; sourceTree = "<group>"; };
		76D80CD61D0FF7D8000D9E4E /* ESideViewController.h */ = {isa = PBXFileReference; fileEncoding = 4; lastKnownFileType = sourcecode.c.h; name = ESideViewController.h; path = SideMenu/ESideViewController.h; sourceTree = "<group>"; };
		76D80CD71D0FF7D8000D9E4E /* ESideViewController.m */ = {isa = PBXFileReference; fileEncoding = 4; lastKnownFileType = sourcecode.c.objc; name = ESideViewController.m; path = SideMenu/ESideViewController.m; sourceTree = "<group>"; };
		76D80CD91D0FF839000D9E4E /* EPresentationAnimator.h */ = {isa = PBXFileReference; fileEncoding = 4; lastKnownFileType = sourcecode.c.h; name = EPresentationAnimator.h; path = SideMenu/EPresentationAnimator.h; sourceTree = "<group>"; };
		76D80CDA1D0FF839000D9E4E /* EPresentationAnimator.m */ = {isa = PBXFileReference; fileEncoding = 4; lastKnownFileType = sourcecode.c.objc; name = EPresentationAnimator.m; path = SideMenu/EPresentationAnimator.m; sourceTree = "<group>"; };
		76D80CDC1D0FF867000D9E4E /* EViewer.pch */ = {isa = PBXFileReference; lastKnownFileType = sourcecode.c.h; path = EViewer.pch; sourceTree = "<group>"; };
		76D89EFB1D45FA3B0033AC45 /* CheckMark.png */ = {isa = PBXFileReference; lastKnownFileType = image.png; path = CheckMark.png; sourceTree = "<group>"; };
		76D89EFF1D45FD9C0033AC45 /* PlaceHolderSquare.png */ = {isa = PBXFileReference; lastKnownFileType = image.png; path = PlaceHolderSquare.png; sourceTree = "<group>"; };
		76D89F011D45FF000033AC45 /* PlaceHolderSquare2.png */ = {isa = PBXFileReference; lastKnownFileType = image.png; path = PlaceHolderSquare2.png; sourceTree = "<group>"; };
		76D89F051D45FF760033AC45 /* PlaceHolderSquare3.png */ = {isa = PBXFileReference; lastKnownFileType = image.png; path = PlaceHolderSquare3.png; sourceTree = "<group>"; };
		76D89F071D4602C70033AC45 /* NaviBarBackButton.png */ = {isa = PBXFileReference; lastKnownFileType = image.png; path = NaviBarBackButton.png; sourceTree = "<group>"; };
		76DB820A1D4A661400440DFE /* EggIcon.png */ = {isa = PBXFileReference; lastKnownFileType = image.png; path = EggIcon.png; sourceTree = "<group>"; };
		76EA5B211D17C2AB00FEFF38 /* EVHTMLManager.h */ = {isa = PBXFileReference; fileEncoding = 4; lastKnownFileType = sourcecode.c.h; name = EVHTMLManager.h; path = HtmlTransfer/EVHTMLManager.h; sourceTree = "<group>"; };
		76EA5B221D17C2AB00FEFF38 /* EVHTMLManager.m */ = {isa = PBXFileReference; fileEncoding = 4; lastKnownFileType = sourcecode.c.objc; name = EVHTMLManager.m; path = HtmlTransfer/EVHTMLManager.m; sourceTree = "<group>"; };
		76EA5B251D17D64400FEFF38 /* ArticleSimple.h */ = {isa = PBXFileReference; fileEncoding = 4; lastKnownFileType = sourcecode.c.h; name = ArticleSimple.h; path = Model/ArticleSimple.h; sourceTree = "<group>"; };
		76EA5B261D17D64400FEFF38 /* ArticleSimple.m */ = {isa = PBXFileReference; fileEncoding = 4; lastKnownFileType = sourcecode.c.objc; name = ArticleSimple.m; path = Model/ArticleSimple.m; sourceTree = "<group>"; };
		76EA5B281D17DC1E00FEFF38 /* ArticleDetail.h */ = {isa = PBXFileReference; fileEncoding = 4; lastKnownFileType = sourcecode.c.h; path = ArticleDetail.h; sourceTree = "<group>"; };
		76EA5B291D17DC1E00FEFF38 /* ArticleDetail.m */ = {isa = PBXFileReference; fileEncoding = 4; lastKnownFileType = sourcecode.c.objc; path = ArticleDetail.m; sourceTree = "<group>"; };
		76EA5B611D18DCFA00FEFF38 /* HomePageTableViewCell.h */ = {isa = PBXFileReference; fileEncoding = 4; lastKnownFileType = sourcecode.c.h; name = HomePageTableViewCell.h; path = View/Cell/HomePageTableViewCell.h; sourceTree = "<group>"; };
		76EA5B621D18DCFA00FEFF38 /* HomePageTableViewCell.m */ = {isa = PBXFileReference; fileEncoding = 4; lastKnownFileType = sourcecode.c.objc; name = HomePageTableViewCell.m; path = View/Cell/HomePageTableViewCell.m; sourceTree = "<group>"; };
		76EA5B671D190B8900FEFF38 /* UIColor+expanded.h */ = {isa = PBXFileReference; fileEncoding = 4; lastKnownFileType = sourcecode.c.h; path = "UIColor+expanded.h"; sourceTree = "<group>"; };
		76EA5B681D190B8900FEFF38 /* UIColor+expanded.m */ = {isa = PBXFileReference; fileEncoding = 4; lastKnownFileType = sourcecode.c.objc; path = "UIColor+expanded.m"; sourceTree = "<group>"; };
		76F2EA8B1D24E1BF0013D4E9 /* ArticleSimpleCollectionViewCell.h */ = {isa = PBXFileReference; fileEncoding = 4; lastKnownFileType = sourcecode.c.h; name = ArticleSimpleCollectionViewCell.h; path = View/Cell/ArticleSimpleCollectionViewCell.h; sourceTree = "<group>"; };
		76F2EA8C1D24E1BF0013D4E9 /* ArticleSimpleCollectionViewCell.m */ = {isa = PBXFileReference; fileEncoding = 4; lastKnownFileType = sourcecode.c.objc; name = ArticleSimpleCollectionViewCell.m; path = View/Cell/ArticleSimpleCollectionViewCell.m; sourceTree = "<group>"; };
		76F2EA8E1D24E32A0013D4E9 /* ArticleSimpleViewController.h */ = {isa = PBXFileReference; fileEncoding = 4; lastKnownFileType = sourcecode.c.h; name = ArticleSimpleViewController.h; path = ViewController/ArticleSimpleViewController.h; sourceTree = "<group>"; };
		76F2EA8F1D24E32A0013D4E9 /* ArticleSimpleViewController.m */ = {isa = PBXFileReference; fileEncoding = 4; lastKnownFileType = sourcecode.c.objc; name = ArticleSimpleViewController.m; path = ViewController/ArticleSimpleViewController.m; sourceTree = "<group>"; };
		76FA848D1D1FADAB00BD0F22 /* EVMenuViewController.h */ = {isa = PBXFileReference; fileEncoding = 4; lastKnownFileType = sourcecode.c.h; path = EVMenuViewController.h; sourceTree = "<group>"; };
		76FA848E1D1FADAB00BD0F22 /* EVMenuViewController.m */ = {isa = PBXFileReference; fileEncoding = 4; lastKnownFileType = sourcecode.c.objc; path = EVMenuViewController.m; sourceTree = "<group>"; };
		76FA84901D1FAE8B00BD0F22 /* DemoHomeViewController.h */ = {isa = PBXFileReference; fileEncoding = 4; lastKnownFileType = sourcecode.c.h; name = DemoHomeViewController.h; path = ViewController/SideMenu2/DemoHomeViewController.h; sourceTree = "<group>"; };
		76FA84911D1FAE8B00BD0F22 /* DemoHomeViewController.m */ = {isa = PBXFileReference; fileEncoding = 4; lastKnownFileType = sourcecode.c.objc; name = DemoHomeViewController.m; path = ViewController/SideMenu2/DemoHomeViewController.m; sourceTree = "<group>"; };
		76FA84931D1FAF4F00BD0F22 /* EVNaviViewController.h */ = {isa = PBXFileReference; fileEncoding = 4; lastKnownFileType = sourcecode.c.h; name = EVNaviViewController.h; path = ViewController/SideMenu2/EVNaviViewController.h; sourceTree = "<group>"; };
		76FA84941D1FAF4F00BD0F22 /* EVNaviViewController.m */ = {isa = PBXFileReference; fileEncoding = 4; lastKnownFileType = sourcecode.c.objc; name = EVNaviViewController.m; path = ViewController/SideMenu2/EVNaviViewController.m; sourceTree = "<group>"; };
		76FA84961D1FB77200BD0F22 /* Balloon@2x.png */ = {isa = PBXFileReference; lastKnownFileType = image.png; path = "Balloon@2x.png"; sourceTree = "<group>"; };
		76FA84981D1FCAF400BD0F22 /* DemoSecondViewController.h */ = {isa = PBXFileReference; fileEncoding = 4; lastKnownFileType = sourcecode.c.h; name = DemoSecondViewController.h; path = ViewController/SideMenu2/DemoSecondViewController.h; sourceTree = "<group>"; };
		76FA84991D1FCAF400BD0F22 /* DemoSecondViewController.m */ = {isa = PBXFileReference; fileEncoding = 4; lastKnownFileType = sourcecode.c.objc; name = DemoSecondViewController.m; path = ViewController/SideMenu2/DemoSecondViewController.m; sourceTree = "<group>"; };
		7B277C9AB12DA5061FC96973 /* libPods-eViewer.a */ = {isa = PBXFileReference; explicitFileType = archive.ar; includeInIndex = 0; path = "libPods-eViewer.a"; sourceTree = BUILT_PRODUCTS_DIR; };
		7FE467970BAB484FB38E288E /* Pods-eViewer.debug.xcconfig */ = {isa = PBXFileReference; includeInIndex = 1; lastKnownFileType = text.xcconfig; name = "Pods-eViewer.debug.xcconfig"; path = "Pods/Target Support Files/Pods-eViewer/Pods-eViewer.debug.xcconfig"; sourceTree = "<group>"; };
/* End PBXFileReference section */

/* Begin PBXFrameworksBuildPhase section */
		76D80CAC1D0FF141000D9E4E /* Frameworks */ = {
			isa = PBXFrameworksBuildPhase;
			buildActionMask = 2147483647;
			files = (
				66904763BE1E8BD80CA274BA /* libPods-eViewer.a in Frameworks */,
			);
			runOnlyForDeploymentPostprocessing = 0;
		};
/* End PBXFrameworksBuildPhase section */

/* Begin PBXGroup section */
		2A51A933FDC3D98F0401E064 /* Frameworks */ = {
			isa = PBXGroup;
			children = (
				7B277C9AB12DA5061FC96973 /* libPods-eViewer.a */,
			);
			name = Frameworks;
			sourceTree = "<group>";
		};
		762B70561D1CD17C002F1BF6 /* SideMenu2 */ = {
			isa = PBXGroup;
			children = (
				762B705A1D1EDA0F002F1BF6 /* EVSideViewController.h */,
				762B705B1D1EDA0F002F1BF6 /* EVSideViewController.m */,
				76FA848D1D1FADAB00BD0F22 /* EVMenuViewController.h */,
				76FA848E1D1FADAB00BD0F22 /* EVMenuViewController.m */,
				76FA84931D1FAF4F00BD0F22 /* EVNaviViewController.h */,
				76FA84941D1FAF4F00BD0F22 /* EVNaviViewController.m */,
				76FA84901D1FAE8B00BD0F22 /* DemoHomeViewController.h */,
				76FA84911D1FAE8B00BD0F22 /* DemoHomeViewController.m */,
				76FA84981D1FCAF400BD0F22 /* DemoSecondViewController.h */,
				76FA84991D1FCAF400BD0F22 /* DemoSecondViewController.m */,
			);
			name = SideMenu2;
			sourceTree = "<group>";
		};
		76C9FB8A1D3BC98E007B60A7 /* PhotoReview */ = {
			isa = PBXGroup;
			children = (
				76C9FB8B1D3BC9DA007B60A7 /* ZPresentationController.h */,
				76C9FB8C1D3BC9DA007B60A7 /* ZPresentationController.m */,
				76C9FB8E1D3BCB8D007B60A7 /* ZPhotoReviewViewController.h */,
				76C9FB8F1D3BCB8D007B60A7 /* ZPhotoReviewViewController.m */,
				76C9FB911D3BCBBB007B60A7 /* ZPresentationAnimator.h */,
				76C9FB921D3BCBBB007B60A7 /* ZPresentationAnimator.m */,
				767FFE121D3F6B0D0041AF52 /* SwipeUpInteractiveTransition.h */,
				767FFE131D3F6B0D0041AF52 /* SwipeUpInteractiveTransition.m */,
				767FFE161D3FB0E00041AF52 /* ProgressView.h */,
				767FFE171D3FB0E00041AF52 /* ProgressView.m */,
			);
			name = PhotoReview;
			sourceTree = "<group>";
		};
		76D80CA61D0FF141000D9E4E = {
			isa = PBXGroup;
			children = (
				76D80CB11D0FF141000D9E4E /* eViewer */,
				76D80CB01D0FF141000D9E4E /* Products */,
				D43CF38B8731391A1D84B6D0 /* Pods */,
				2A51A933FDC3D98F0401E064 /* Frameworks */,
			);
			sourceTree = "<group>";
		};
		76D80CB01D0FF141000D9E4E /* Products */ = {
			isa = PBXGroup;
			children = (
				76D80CAF1D0FF141000D9E4E /* eViewer.app */,
			);
			name = Products;
			sourceTree = "<group>";
		};
		76D80CB11D0FF141000D9E4E /* eViewer */ = {
			isa = PBXGroup;
			children = (
				76EA5B5F1D18DCB100FEFF38 /* View */,
				76EA5B241D17D60D00FEFF38 /* Model */,
				76D80CDD1D103632000D9E4E /* HTMLParser */,
				76D80CD11D0FF5D8000D9E4E /* StoryBoard */,
				76D80CCC1D0FF544000D9E4E /* ViewController */,
				76D80CC11D0FF141000D9E4E /* Assets.xcassets */,
				76EA5B641D18F8F200FEFF38 /* Image */,
				76D80CBE1D0FF141000D9E4E /* eViewer.xcdatamodeld */,
				76D80CB21D0FF141000D9E4E /* Supporting Files */,
			);
			path = eViewer;
			sourceTree = "<group>";
		};
		76D80CB21D0FF141000D9E4E /* Supporting Files */ = {
			isa = PBXGroup;
			children = (
				76EA5B671D190B8900FEFF38 /* UIColor+expanded.h */,
				76EA5B681D190B8900FEFF38 /* UIColor+expanded.m */,
				76D80CB51D0FF141000D9E4E /* AppDelegate.h */,
				76D80CC61D0FF141000D9E4E /* Info.plist */,
				76D80CB61D0FF141000D9E4E /* AppDelegate.m */,
				76D80CB31D0FF141000D9E4E /* main.m */,
				76D80CDC1D0FF867000D9E4E /* EViewer.pch */,
				761636ED1D37776D001A2CDF /* UIImage+Compress.h */,
				761636EE1D37776D001A2CDF /* UIImage+Compress.m */,
				761636F01D38A8F5001A2CDF /* NSString+DateTransfer.h */,
				761636F11D38A8F5001A2CDF /* NSString+DateTransfer.m */,
				761636F31D38AA15001A2CDF /* GalleryDrawer.h */,
				761636F41D38AA15001A2CDF /* GalleryDrawer.m */,
			);
			name = "Supporting Files";
			sourceTree = "<group>";
		};
		76D80CCC1D0FF544000D9E4E /* ViewController */ = {
			isa = PBXGroup;
			children = (
				76C9FB8A1D3BC98E007B60A7 /* PhotoReview */,
				762B70561D1CD17C002F1BF6 /* SideMenu2 */,
				76D80CD21D0FF738000D9E4E /* SideMenu */,
				76D80CCD1D0FF5A5000D9E4E /* HomeViewController.h */,
				76D80CCE1D0FF5A5000D9E4E /* HomeViewController.m */,
				7600C44A1D229EDC005C26C6 /* ArticleDetailViewController.h */,
				7600C44B1D229EDC005C26C6 /* ArticleDetailViewController.m */,
				76F2EA8E1D24E32A0013D4E9 /* ArticleSimpleViewController.h */,
				76F2EA8F1D24E32A0013D4E9 /* ArticleSimpleViewController.m */,
				761636F61D38D071001A2CDF /* TestViewController.h */,
				761636F71D38D071001A2CDF /* TestViewController.m */,
				761637061D3A8235001A2CDF /* PhotoGalleryViewController.h */,
				761637071D3A8235001A2CDF /* PhotoGalleryViewController.m */,
				760430FF1D5431C40059CD33 /* SettingViewController.h */,
				760431001D5431C40059CD33 /* SettingViewController.m */,
				760431081D5451710059CD33 /* GalleryViewController.h */,
				760431091D5451710059CD33 /* GalleryViewController.m */,
				7600E3461D58BCC0009858D6 /* EWebViewController.h */,
				7600E3471D58BCC0009858D6 /* EWebViewController.m */,
				76508A1D1D61C5F20029A6B0 /* PublicLicenceTableViewController.h */,
				76508A1E1D61C5F20029A6B0 /* PublicLicenceTableViewController.m */,
			);
			name = ViewController;
			sourceTree = "<group>";
		};
		76D80CD11D0FF5D8000D9E4E /* StoryBoard */ = {
			isa = PBXGroup;
			children = (
				76D80CBB1D0FF141000D9E4E /* Main.storyboard */,
				76D80CC31D0FF141000D9E4E /* LaunchScreen.storyboard */,
			);
			name = StoryBoard;
			sourceTree = "<group>";
		};
		76D80CD21D0FF738000D9E4E /* SideMenu */ = {
			isa = PBXGroup;
			children = (
				76D80CD31D0FF7B6000D9E4E /* EPresentationController.h */,
				76D80CD41D0FF7B6000D9E4E /* EPresentationController.m */,
				76D80CD61D0FF7D8000D9E4E /* ESideViewController.h */,
				76D80CD71D0FF7D8000D9E4E /* ESideViewController.m */,
				76D80CD91D0FF839000D9E4E /* EPresentationAnimator.h */,
				76D80CDA1D0FF839000D9E4E /* EPresentationAnimator.m */,
			);
			name = SideMenu;
			sourceTree = "<group>";
		};
		76D80CDD1D103632000D9E4E /* HTMLParser */ = {
			isa = PBXGroup;
			children = (
				76EA5B211D17C2AB00FEFF38 /* EVHTMLManager.h */,
				76EA5B221D17C2AB00FEFF38 /* EVHTMLManager.m */,
			);
			name = HTMLParser;
			sourceTree = "<group>";
		};
		76DB82091D4A65FE00440DFE /* image */ = {
			isa = PBXGroup;
			children = (
				76508A291D6200060029A6B0 /* engadget_logo.png */,
				76508A231D61FB970029A6B0 /* cache-icon.png */,
				76508A241D61FB970029A6B0 /* licence-icon.png */,
				76508A251D61FB970029A6B0 /* question-icon.png */,
				7651456E1D61BDC60093FBE7 /* AppIcon@2x.png */,
				7651456C1D61BDBA0093FBE7 /* AppIcon@3x.png */,
				7651456A1D6190B80093FBE7 /* HomeIcon.png */,
				765145681D6190AF0093FBE7 /* SettingIcon.png */,
				765145661D6190920093FBE7 /* GalleryIcon.png */,
				760EAE691D6092DB008256AE /* MenuLogo.png */,
				760EAE671D609147008256AE /* NaviLogo.png */,
				7658591D1D5CB92D0066B0C5 /* PlaceHolder.png */,
				765859181D59FF240066B0C5 /* WebViewBackButton.png */,
				7600E34D1D58DE5B009858D6 /* Logo.png */,
				7600E3491D58C8D7009858D6 /* DismissButton.png */,
				76507B961D5829080042EB8B /* BarBackButton.png */,
				763A8A051D56FC40004185B3 /* ImageCountIcon.png */,
				760431061D54503D0059CD33 /* MenuButton.png */,
				76DB820A1D4A661400440DFE /* EggIcon.png */,
			);
			path = image;
			sourceTree = "<group>";
		};
		76EA5B241D17D60D00FEFF38 /* Model */ = {
			isa = PBXGroup;
			children = (
				763337E11D55A41D0099EA20 /* GalleryDetail.h */,
				763337E21D55A41D0099EA20 /* GalleryDetail.m */,
				76EA5B251D17D64400FEFF38 /* ArticleSimple.h */,
				76EA5B261D17D64400FEFF38 /* ArticleSimple.m */,
				76EA5B281D17DC1E00FEFF38 /* ArticleDetail.h */,
				76EA5B291D17DC1E00FEFF38 /* ArticleDetail.m */,
				765695F61D55A3D30076BD4C /* GallerySimple.h */,
				765695F71D55A3D30076BD4C /* GallerySimple.m */,
			);
			name = Model;
			sourceTree = "<group>";
		};
		76EA5B5F1D18DCB100FEFF38 /* View */ = {
			isa = PBXGroup;
			children = (
				76EA5B601D18DCBE00FEFF38 /* Cell */,
				761637031D3A39F8001A2CDF /* PlanetView.h */,
				761637041D3A39F8001A2CDF /* PlanetView.m */,
				760430F51D4F2C7B0059CD33 /* DotGroupView.h */,
				760430F61D4F2C7B0059CD33 /* DotGroupView.m */,
				760430F81D52E3400059CD33 /* ECGView.h */,
				760430F91D52E3400059CD33 /* ECGView.m */,
			);
			name = View;
			sourceTree = "<group>";
		};
		76EA5B601D18DCBE00FEFF38 /* Cell */ = {
			isa = PBXGroup;
			children = (
				76EA5B611D18DCFA00FEFF38 /* HomePageTableViewCell.h */,
				76EA5B621D18DCFA00FEFF38 /* HomePageTableViewCell.m */,
				76F2EA8B1D24E1BF0013D4E9 /* ArticleSimpleCollectionViewCell.h */,
				76F2EA8C1D24E1BF0013D4E9 /* ArticleSimpleCollectionViewCell.m */,
				76C9FB871D3B45F0007B60A7 /* PhotoCollectionViewCell.h */,
				76C9FB881D3B45F0007B60A7 /* PhotoCollectionViewCell.m */,
				768F27AD1D3CD46E0070BA7E /* ZPhotoCollectionViewCell.h */,
				768F27AE1D3CD46E0070BA7E /* ZPhotoCollectionViewCell.m */,
				763A8A021D563A24004185B3 /* GallerySimpleCollectionViewCell.h */,
				763A8A031D563A24004185B3 /* GallerySimpleCollectionViewCell.m */,
				765145241D6187A80093FBE7 /* MenuTableViewCell.h */,
				765145251D6187A80093FBE7 /* MenuTableViewCell.m */,
				76508A201D61F16A0029A6B0 /* SettingMenuTableViewCell.h */,
				76508A211D61F16A0029A6B0 /* SettingMenuTableViewCell.m */,
			);
			name = Cell;
			sourceTree = "<group>";
		};
		76EA5B641D18F8F200FEFF38 /* Image */ = {
			isa = PBXGroup;
			children = (
				760431021D5445060059CD33 /* ECGMask2.png */,
				760430FB1D54203B0059CD33 /* ECGMask.png */,
				76DB82091D4A65FE00440DFE /* image */,
				76525EFC1D48FD3D001C7C1C /* EngadgetLogo.png */,
				76D89F071D4602C70033AC45 /* NaviBarBackButton.png */,
				76D89F051D45FF760033AC45 /* PlaceHolderSquare3.png */,
				76D89F011D45FF000033AC45 /* PlaceHolderSquare2.png */,
				76D89EFF1D45FD9C0033AC45 /* PlaceHolderSquare.png */,
				76D89EFB1D45FA3B0033AC45 /* CheckMark.png */,
				767E3BBD1D45124D006CED70 /* CloseImageViewButton.png */,
				767E3BBE1D45124D006CED70 /* SaveImageButton.png */,
				761637011D3A30A4001A2CDF /* 2.jpg */,
				761636FB1D3A3095001A2CDF /* 3.jpg */,
				761636FC1D3A3095001A2CDF /* 4.jpg */,
				761636FD1D3A3095001A2CDF /* 5.jpg */,
				761636F91D3A307A001A2CDF /* 1.jpg */,
				76FA84961D1FB77200BD0F22 /* Balloon@2x.png */,
			);
			name = Image;
			sourceTree = "<group>";
		};
		D43CF38B8731391A1D84B6D0 /* Pods */ = {
			isa = PBXGroup;
			children = (
				7FE467970BAB484FB38E288E /* Pods-eViewer.debug.xcconfig */,
				73742F31F91E4902FB237753 /* Pods-eViewer.release.xcconfig */,
			);
			name = Pods;
			sourceTree = "<group>";
		};
/* End PBXGroup section */

/* Begin PBXNativeTarget section */
		76D80CAE1D0FF141000D9E4E /* eViewer */ = {
			isa = PBXNativeTarget;
			buildConfigurationList = 76D80CC91D0FF141000D9E4E /* Build configuration list for PBXNativeTarget "eViewer" */;
			buildPhases = (
				B998F9C8BA2E62B972D65903 /* [CP] Check Pods Manifest.lock */,
				76D80CAB1D0FF141000D9E4E /* Sources */,
				76D80CAC1D0FF141000D9E4E /* Frameworks */,
				76D80CAD1D0FF141000D9E4E /* Resources */,
				0ABC1A52DCA714BB6C36058F /* [CP] Embed Pods Frameworks */,
				3673A68EFD87D3068D8C87D8 /* [CP] Copy Pods Resources */,
			);
			buildRules = (
			);
			dependencies = (
			);
			name = eViewer;
			productName = eViewer;
			productReference = 76D80CAF1D0FF141000D9E4E /* eViewer.app */;
			productType = "com.apple.product-type.application";
		};
/* End PBXNativeTarget section */

/* Begin PBXProject section */
		76D80CA71D0FF141000D9E4E /* Project object */ = {
			isa = PBXProject;
			attributes = {
				LastUpgradeCheck = 0720;
				ORGANIZATIONNAME = cookie;
				TargetAttributes = {
					76D80CAE1D0FF141000D9E4E = {
						CreatedOnToolsVersion = 7.2.1;
					};
				};
			};
			buildConfigurationList = 76D80CAA1D0FF141000D9E4E /* Build configuration list for PBXProject "eViewer" */;
			compatibilityVersion = "Xcode 3.2";
			developmentRegion = English;
			hasScannedForEncodings = 0;
			knownRegions = (
				en,
				Base,
			);
			mainGroup = 76D80CA61D0FF141000D9E4E;
			productRefGroup = 76D80CB01D0FF141000D9E4E /* Products */;
			projectDirPath = "";
			projectRoot = "";
			targets = (
				76D80CAE1D0FF141000D9E4E /* eViewer */,
			);
		};
/* End PBXProject section */

/* Begin PBXResourcesBuildPhase section */
		76D80CAD1D0FF141000D9E4E /* Resources */ = {
			isa = PBXResourcesBuildPhase;
			buildActionMask = 2147483647;
			files = (
				760430FC1D54203B0059CD33 /* ECGMask.png in Resources */,
				76D89F061D45FF760033AC45 /* PlaceHolderSquare3.png in Resources */,
				760431031D5445060059CD33 /* ECGMask2.png in Resources */,
				76D89F081D4602C70033AC45 /* NaviBarBackButton.png in Resources */,
				76508A281D61FB970029A6B0 /* question-icon.png in Resources */,
				761636FF1D3A3095001A2CDF /* 4.jpg in Resources */,
				76D80CC51D0FF141000D9E4E /* LaunchScreen.storyboard in Resources */,
				7651456F1D61BDC60093FBE7 /* AppIcon@2x.png in Resources */,
				765145691D6190AF0093FBE7 /* SettingIcon.png in Resources */,
				7651456B1D6190B80093FBE7 /* HomeIcon.png in Resources */,
				761637021D3A30A4001A2CDF /* 2.jpg in Resources */,
				7600E34E1D58DE5B009858D6 /* Logo.png in Resources */,
				765859191D59FF240066B0C5 /* WebViewBackButton.png in Resources */,
				763A8A061D56FC40004185B3 /* ImageCountIcon.png in Resources */,
				76D89EFC1D45FA3B0033AC45 /* CheckMark.png in Resources */,
				7600E34A1D58C8D7009858D6 /* DismissButton.png in Resources */,
				76508A271D61FB970029A6B0 /* licence-icon.png in Resources */,
				765145671D6190920093FBE7 /* GalleryIcon.png in Resources */,
				761637001D3A3095001A2CDF /* 5.jpg in Resources */,
				76FA84971D1FB77200BD0F22 /* Balloon@2x.png in Resources */,
				767E3BBF1D45124D006CED70 /* CloseImageViewButton.png in Resources */,
				761636FA1D3A307A001A2CDF /* 1.jpg in Resources */,
				76507B971D5829080042EB8B /* BarBackButton.png in Resources */,
				76D80CC21D0FF141000D9E4E /* Assets.xcassets in Resources */,
				7658591E1D5CB92D0066B0C5 /* PlaceHolder.png in Resources */,
				760EAE681D609147008256AE /* NaviLogo.png in Resources */,
				76DB820B1D4A661400440DFE /* EggIcon.png in Resources */,
				76525EFD1D48FD3D001C7C1C /* EngadgetLogo.png in Resources */,
				760EAE6A1D6092DB008256AE /* MenuLogo.png in Resources */,
				76508A2A1D6200060029A6B0 /* engadget_logo.png in Resources */,
				761636FE1D3A3095001A2CDF /* 3.jpg in Resources */,
				767E3BC01D45124D006CED70 /* SaveImageButton.png in Resources */,
				760431071D54503D0059CD33 /* MenuButton.png in Resources */,
				76508A261D61FB970029A6B0 /* cache-icon.png in Resources */,
				76D89F001D45FD9C0033AC45 /* PlaceHolderSquare.png in Resources */,
				7651456D1D61BDBA0093FBE7 /* AppIcon@3x.png in Resources */,
				76D89F021D45FF000033AC45 /* PlaceHolderSquare2.png in Resources */,
				76D80CBD1D0FF141000D9E4E /* Main.storyboard in Resources */,
			);
			runOnlyForDeploymentPostprocessing = 0;
		};
/* End PBXResourcesBuildPhase section */

/* Begin PBXShellScriptBuildPhase section */
		0ABC1A52DCA714BB6C36058F /* [CP] Embed Pods Frameworks */ = {
			isa = PBXShellScriptBuildPhase;
			buildActionMask = 2147483647;
			files = (
			);
			inputPaths = (
			);
			name = "[CP] Embed Pods Frameworks";
			outputPaths = (
			);
			runOnlyForDeploymentPostprocessing = 0;
			shellPath = /bin/sh;
			shellScript = "\"${SRCROOT}/Pods/Target Support Files/Pods-eViewer/Pods-eViewer-frameworks.sh\"\n";
			showEnvVarsInLog = 0;
		};
		3673A68EFD87D3068D8C87D8 /* [CP] Copy Pods Resources */ = {
			isa = PBXShellScriptBuildPhase;
			buildActionMask = 2147483647;
			files = (
			);
			inputPaths = (
			);
			name = "[CP] Copy Pods Resources";
			outputPaths = (
			);
			runOnlyForDeploymentPostprocessing = 0;
			shellPath = /bin/sh;
			shellScript = "\"${SRCROOT}/Pods/Target Support Files/Pods-eViewer/Pods-eViewer-resources.sh\"\n";
			showEnvVarsInLog = 0;
		};
		B998F9C8BA2E62B972D65903 /* [CP] Check Pods Manifest.lock */ = {
			isa = PBXShellScriptBuildPhase;
			buildActionMask = 2147483647;
			files = (
			);
			inputPaths = (
			);
			name = "[CP] Check Pods Manifest.lock";
			outputPaths = (
			);
			runOnlyForDeploymentPostprocessing = 0;
			shellPath = /bin/sh;
			shellScript = "diff \"${PODS_ROOT}/../Podfile.lock\" \"${PODS_ROOT}/Manifest.lock\" > /dev/null\nif [[ $? != 0 ]] ; then\n    cat << EOM\nerror: The sandbox is not in sync with the Podfile.lock. Run 'pod install' or update your CocoaPods installation.\nEOM\n    exit 1\nfi\n";
			showEnvVarsInLog = 0;
		};
/* End PBXShellScriptBuildPhase section */

/* Begin PBXSourcesBuildPhase section */
		76D80CAB1D0FF141000D9E4E /* Sources */ = {
			isa = PBXSourcesBuildPhase;
			buildActionMask = 2147483647;
			files = (
				768F27AF1D3CD46E0070BA7E /* ZPhotoCollectionViewCell.m in Sources */,
				760430F71D4F2C7B0059CD33 /* DotGroupView.m in Sources */,
				762B705C1D1EDA0F002F1BF6 /* EVSideViewController.m in Sources */,
				76FA84921D1FAE8B00BD0F22 /* DemoHomeViewController.m in Sources */,
				76C9FB8D1D3BC9DA007B60A7 /* ZPresentationController.m in Sources */,
				7600C44C1D229EDC005C26C6 /* ArticleDetailViewController.m in Sources */,
				76F2EA8D1D24E1BF0013D4E9 /* ArticleSimpleCollectionViewCell.m in Sources */,
				76508A221D61F16A0029A6B0 /* SettingMenuTableViewCell.m in Sources */,
				76D80CD81D0FF7D8000D9E4E /* ESideViewController.m in Sources */,
				761636F21D38A8F5001A2CDF /* NSString+DateTransfer.m in Sources */,
				76D80CDB1D0FF839000D9E4E /* EPresentationAnimator.m in Sources */,
				765145261D6187A80093FBE7 /* MenuTableViewCell.m in Sources */,
				7600E3481D58BCC0009858D6 /* EWebViewController.m in Sources */,
				760430FA1D52E3400059CD33 /* ECGView.m in Sources */,
				761636F51D38AA15001A2CDF /* GalleryDrawer.m in Sources */,
				76EA5B691D190B8900FEFF38 /* UIColor+expanded.m in Sources */,
				76C9FB901D3BCB8D007B60A7 /* ZPhotoReviewViewController.m in Sources */,
				765695F81D55A3D30076BD4C /* GallerySimple.m in Sources */,
				763A8A041D563A24004185B3 /* GallerySimpleCollectionViewCell.m in Sources */,
				76D80CB71D0FF141000D9E4E /* AppDelegate.m in Sources */,
				76EA5B631D18DCFA00FEFF38 /* HomePageTableViewCell.m in Sources */,
				76F2EA901D24E32A0013D4E9 /* ArticleSimpleViewController.m in Sources */,
				76D80CB41D0FF141000D9E4E /* main.m in Sources */,
				76D80CCF1D0FF5A5000D9E4E /* HomeViewController.m in Sources */,
				763337E31D55A41D0099EA20 /* GalleryDetail.m in Sources */,
				761636F81D38D071001A2CDF /* TestViewController.m in Sources */,
				76FA849A1D1FCAF400BD0F22 /* DemoSecondViewController.m in Sources */,
				761637081D3A8235001A2CDF /* PhotoGalleryViewController.m in Sources */,
				76EA5B231D17C2AB00FEFF38 /* EVHTMLManager.m in Sources */,
				76EA5B271D17D64400FEFF38 /* ArticleSimple.m in Sources */,
				76FA848F1D1FADAB00BD0F22 /* EVMenuViewController.m in Sources */,
				767FFE181D3FB0E00041AF52 /* ProgressView.m in Sources */,
				76C9FB891D3B45F0007B60A7 /* PhotoCollectionViewCell.m in Sources */,
				761637051D3A39F8001A2CDF /* PlanetView.m in Sources */,
				7604310A1D5451710059CD33 /* GalleryViewController.m in Sources */,
				76D80CD51D0FF7B6000D9E4E /* EPresentationController.m in Sources */,
				76D80CC01D0FF141000D9E4E /* eViewer.xcdatamodeld in Sources */,
				76508A1F1D61C5F20029A6B0 /* PublicLicenceTableViewController.m in Sources */,
				76C9FB931D3BCBBB007B60A7 /* ZPresentationAnimator.m in Sources */,
				767FFE141D3F6B0D0041AF52 /* SwipeUpInteractiveTransition.m in Sources */,
				761636EF1D37776D001A2CDF /* UIImage+Compress.m in Sources */,
				76EA5B2A1D17DC1E00FEFF38 /* ArticleDetail.m in Sources */,
				760431011D5431C40059CD33 /* SettingViewController.m in Sources */,
				76FA84951D1FAF4F00BD0F22 /* EVNaviViewController.m in Sources */,
			);
			runOnlyForDeploymentPostprocessing = 0;
		};
/* End PBXSourcesBuildPhase section */

/* Begin PBXVariantGroup section */
		76D80CBB1D0FF141000D9E4E /* Main.storyboard */ = {
			isa = PBXVariantGroup;
			children = (
				76D80CBC1D0FF141000D9E4E /* Base */,
			);
			name = Main.storyboard;
			sourceTree = "<group>";
		};
		76D80CC31D0FF141000D9E4E /* LaunchScreen.storyboard */ = {
			isa = PBXVariantGroup;
			children = (
				76D80CC41D0FF141000D9E4E /* Base */,
			);
			name = LaunchScreen.storyboard;
			sourceTree = "<group>";
		};
/* End PBXVariantGroup section */

/* Begin XCBuildConfiguration section */
		76D80CC71D0FF141000D9E4E /* Debug */ = {
			isa = XCBuildConfiguration;
			buildSettings = {
				ALWAYS_SEARCH_USER_PATHS = NO;
				CLANG_CXX_LANGUAGE_STANDARD = "gnu++0x";
				CLANG_CXX_LIBRARY = "libc++";
				CLANG_ENABLE_MODULES = YES;
				CLANG_ENABLE_OBJC_ARC = YES;
				CLANG_WARN_BOOL_CONVERSION = YES;
				CLANG_WARN_CONSTANT_CONVERSION = YES;
				CLANG_WARN_DIRECT_OBJC_ISA_USAGE = YES_ERROR;
				CLANG_WARN_EMPTY_BODY = YES;
				CLANG_WARN_ENUM_CONVERSION = YES;
				CLANG_WARN_INT_CONVERSION = YES;
				CLANG_WARN_OBJC_ROOT_CLASS = YES_ERROR;
				CLANG_WARN_UNREACHABLE_CODE = YES;
				CLANG_WARN__DUPLICATE_METHOD_MATCH = YES;
				"CODE_SIGN_IDENTITY[sdk=iphoneos*]" = "iPhone Developer";
				COPY_PHASE_STRIP = NO;
				DEBUG_INFORMATION_FORMAT = dwarf;
				ENABLE_STRICT_OBJC_MSGSEND = YES;
				ENABLE_TESTABILITY = YES;
				GCC_C_LANGUAGE_STANDARD = gnu99;
				GCC_DYNAMIC_NO_PIC = NO;
				GCC_NO_COMMON_BLOCKS = YES;
				GCC_OPTIMIZATION_LEVEL = 0;
				GCC_PREPROCESSOR_DEFINITIONS = (
					"DEBUG=1",
					"$(inherited)",
				);
				GCC_WARN_64_TO_32_BIT_CONVERSION = YES;
				GCC_WARN_ABOUT_RETURN_TYPE = YES_ERROR;
				GCC_WARN_UNDECLARED_SELECTOR = YES;
				GCC_WARN_UNINITIALIZED_AUTOS = YES_AGGRESSIVE;
				GCC_WARN_UNUSED_FUNCTION = YES;
				GCC_WARN_UNUSED_VARIABLE = YES;
				IPHONEOS_DEPLOYMENT_TARGET = 9.2;
				MTL_ENABLE_DEBUG_INFO = YES;
				ONLY_ACTIVE_ARCH = YES;
				SDKROOT = iphoneos;
			};
			name = Debug;
		};
		76D80CC81D0FF141000D9E4E /* Release */ = {
			isa = XCBuildConfiguration;
			buildSettings = {
				ALWAYS_SEARCH_USER_PATHS = NO;
				CLANG_CXX_LANGUAGE_STANDARD = "gnu++0x";
				CLANG_CXX_LIBRARY = "libc++";
				CLANG_ENABLE_MODULES = YES;
				CLANG_ENABLE_OBJC_ARC = YES;
				CLANG_WARN_BOOL_CONVERSION = YES;
				CLANG_WARN_CONSTANT_CONVERSION = YES;
				CLANG_WARN_DIRECT_OBJC_ISA_USAGE = YES_ERROR;
				CLANG_WARN_EMPTY_BODY = YES;
				CLANG_WARN_ENUM_CONVERSION = YES;
				CLANG_WARN_INT_CONVERSION = YES;
				CLANG_WARN_OBJC_ROOT_CLASS = YES_ERROR;
				CLANG_WARN_UNREACHABLE_CODE = YES;
				CLANG_WARN__DUPLICATE_METHOD_MATCH = YES;
				"CODE_SIGN_IDENTITY[sdk=iphoneos*]" = "iPhone Developer";
				COPY_PHASE_STRIP = NO;
				DEBUG_INFORMATION_FORMAT = "dwarf-with-dsym";
				ENABLE_NS_ASSERTIONS = NO;
				ENABLE_STRICT_OBJC_MSGSEND = YES;
				GCC_C_LANGUAGE_STANDARD = gnu99;
				GCC_NO_COMMON_BLOCKS = YES;
				GCC_WARN_64_TO_32_BIT_CONVERSION = YES;
				GCC_WARN_ABOUT_RETURN_TYPE = YES_ERROR;
				GCC_WARN_UNDECLARED_SELECTOR = YES;
				GCC_WARN_UNINITIALIZED_AUTOS = YES_AGGRESSIVE;
				GCC_WARN_UNUSED_FUNCTION = YES;
				GCC_WARN_UNUSED_VARIABLE = YES;
				IPHONEOS_DEPLOYMENT_TARGET = 9.2;
				MTL_ENABLE_DEBUG_INFO = NO;
				SDKROOT = iphoneos;
				VALIDATE_PRODUCT = YES;
			};
			name = Release;
		};
		76D80CCA1D0FF141000D9E4E /* Debug */ = {
			isa = XCBuildConfiguration;
			baseConfigurationReference = 7FE467970BAB484FB38E288E /* Pods-eViewer.debug.xcconfig */;
			buildSettings = {
				ASSETCATALOG_COMPILER_APPICON_NAME = "AppIcon-2";
				GCC_INCREASE_PRECOMPILED_HEADER_SHARING = NO;
				GCC_PREFIX_HEADER = eViewer/EViewer.pch;
				INFOPLIST_FILE = eViewer/Info.plist;
				IPHONEOS_DEPLOYMENT_TARGET = 8.4;
				LD_RUNPATH_SEARCH_PATHS = "$(inherited) @executable_path/Frameworks";
				LIBRARY_SEARCH_PATHS = (
					"$(inherited)",
					"$(PROJECT_DIR)/build/Debug-iphoneos",
				);
				PRODUCT_BUNDLE_IDENTIFIER = zby.eViewer;
				PRODUCT_NAME = "$(TARGET_NAME)";
			};
			name = Debug;
		};
		76D80CCB1D0FF141000D9E4E /* Release */ = {
			isa = XCBuildConfiguration;
			baseConfigurationReference = 73742F31F91E4902FB237753 /* Pods-eViewer.release.xcconfig */;
			buildSettings = {
				ASSETCATALOG_COMPILER_APPICON_NAME = "AppIcon-2";
				GCC_INCREASE_PRECOMPILED_HEADER_SHARING = NO;
				GCC_PREFIX_HEADER = eViewer/EViewer.pch;
				INFOPLIST_FILE = eViewer/Info.plist;
				IPHONEOS_DEPLOYMENT_TARGET = 8.4;
				LD_RUNPATH_SEARCH_PATHS = "$(inherited) @executable_path/Frameworks";
				LIBRARY_SEARCH_PATHS = (
					"$(inherited)",
					"$(PROJECT_DIR)/build/Debug-iphoneos",
				);
				PRODUCT_BUNDLE_IDENTIFIER = zby.eViewer;
				PRODUCT_NAME = "$(TARGET_NAME)";
			};
			name = Release;
		};
/* End XCBuildConfiguration section */

/* Begin XCConfigurationList section */
		76D80CAA1D0FF141000D9E4E /* Build configuration list for PBXProject "eViewer" */ = {
			isa = XCConfigurationList;
			buildConfigurations = (
				76D80CC71D0FF141000D9E4E /* Debug */,
				76D80CC81D0FF141000D9E4E /* Release */,
			);
			defaultConfigurationIsVisible = 0;
			defaultConfigurationName = Release;
		};
		76D80CC91D0FF141000D9E4E /* Build configuration list for PBXNativeTarget "eViewer" */ = {
			isa = XCConfigurationList;
			buildConfigurations = (
				76D80CCA1D0FF141000D9E4E /* Debug */,
				76D80CCB1D0FF141000D9E4E /* Release */,
			);
			defaultConfigurationIsVisible = 0;
			defaultConfigurationName = Release;
		};
/* End XCConfigurationList section */

/* Begin XCVersionGroup section */
		76D80CBE1D0FF141000D9E4E /* eViewer.xcdatamodeld */ = {
			isa = XCVersionGroup;
			children = (
				76D80CBF1D0FF141000D9E4E /* eViewer.xcdatamodel */,
			);
			currentVersion = 76D80CBF1D0FF141000D9E4E /* eViewer.xcdatamodel */;
			path = eViewer.xcdatamodeld;
			sourceTree = "<group>";
			versionGroupType = wrapper.xcdatamodel;
		};
/* End XCVersionGroup section */
	};
	rootObject = 76D80CA71D0FF141000D9E4E /* Project object */;
}
