PODS:
  - AFNetworking (2.6.3):
    - AFNetworking/NSURLConnection (= 2.6.3)
    - AFNetworking/NSURLSession (= 2.6.3)
    - AFNetworking/Reachability (= 2.6.3)
    - AFNetworking/Security (= 2.6.3)
    - AFNetworking/Serialization (= 2.6.3)
    - AFNetworking/UIKit (= 2.6.3)
  - AFNetworking/NSURLConnection (2.6.3):
    - AFNetworking/Reachability
    - AFNetworking/Security
    - AFNetworking/Serialization
  - AFNetworking/NSURLSession (2.6.3):
    - AFNetworking/Reachability
    - AFNetworking/Security
    - AFNetworking/Serialization
  - AFNetworking/Reachability (2.6.3)
  - AFNetworking/Security (2.6.3)
  - AFNetworking/Serialization (2.6.3)
  - AFNetworking/UIKit (2.6.3):
    - AFNetworking/NSURLConnection
    - AFNetworking/NSURLSession
  - BlocksKit (2.2.5):
    - BlocksKit/All (= 2.2.5)
  - BlocksKit/All (2.2.5):
    - BlocksKit/Core
    - BlocksKit/DynamicDelegate
    - BlocksKit/MessageUI
    - BlocksKit/UIKit
  - BlocksKit/Core (2.2.5)
  - BlocksKit/DynamicDelegate (2.2.5)
  - BlocksKit/MessageUI (2.2.5):
    - BlocksKit/Core
    - BlocksKit/DynamicDelegate
  - BlocksKit/UIKit (2.2.5):
    - BlocksKit/Core
    - BlocksKit/DynamicDelegate
  - hpple (0.2.0)
  - Masonry (0.6.4)
  - MBProgressHUD (1.0.0)
  - MJRefresh (3.1.9)
  - pop (1.0.9)
  - REFrostedViewController (2.4.8)
  - Reveal-iOS-SDK (1.6.2)
  - SDWebImage (3.8.1):
    - SDWebImage/Core (= 3.8.1)
  - SDWebImage/Core (3.8.1)
  - SVProgressHUD (2.0.3)
  - TTTAttributedLabel (2.0.0)
  - TYAttributedLabel (2.6.1)
  - YYText (1.0.5)

DEPENDENCIES:
  - AFNetworking (~> 2.0)
  - BlocksKit
  - hpple
  - Masonry (~> 0.6.2)
  - MBProgressHUD
  - MJRefresh
  - pop
  - REFrostedViewController (~> 2.4)
  - Reveal-iOS-SDK
  - SDWebImage (~> 3.7)
  - SVProgressHUD
  - TTTAttributedLabel
  - TYAttributedLabel (~> 2.6.1)
  - YYText

SPEC CHECKSUMS:
  AFNetworking: cb8d14a848e831097108418f5d49217339d4eb60
  BlocksKit: 7f422b971407001178d181a43b99014ea2591fe6
  hpple: 3b765f96fc2cd56ad1a49aef6f7be5cb2aa64b57
  Masonry: 281802d04d787ea2973179ee8bcb50500579ede2
  MBProgressHUD: 4890f671c94e8a0f3cf959aa731e9de2f036d71a
  MJRefresh: c5f1f1653e5a1b932c90f78074f2bc86f3f9bd5e
  pop: f667631a5108a2e60d9e8797c9b32ddaf2080bce
  REFrostedViewController: a893b4979ba1f200c547aef9ff4c3fd5a18f5923
  Reveal-iOS-SDK: e2250b3c155bcfac53ae223ddc1f76d08f206c33
  SDWebImage: 35f9627a3e44b4f292a8a8ce6a531fa488239b91
  SVProgressHUD: b0830714205bea1317ea1a2ebc71e5633af334d4
  TTTAttributedLabel: 8cffe8e127e4e82ff3af1e5386d4cd0ad000b656
  TYAttributedLabel: 4785820dc8d7935446f49f1de4daa0f99ebcba8a
  YYText: ac09660c9ccd9b817f409a20caa6f5587444d2ae

PODFILE CHECKSUM: f408133918a47939e0ac4b91762dc5c9cab88a35

COCOAPODS: 1.0.1
